
Microsoft Visual Studio Solution File, Format Version 12.00
# Visual Studio Version 16
VisualStudioVersion = 16.0.30717.126
MinimumVisualStudioVersion = 10.0.40219.1
Project("{FAE04EC0-301F-11D3-BF4B-00C04F79EFBC}") = "TipCalculationDemo", "TipCalculationDemo\TipCalculationDemo.csproj", "{2126E47C-B974-40CE-A21D-E496D18EA9FA}"
EndProject
Global
	GlobalSection(SolutionConfigurationPlatforms) = preSolution
		Debug|Any CPU = Debug|Any CPU
		Release|Any CPU = Release|Any CPU
	EndGlobalSection
	GlobalSection(ProjectConfigurationPlatforms) = postSolution
		{2126E47C-B974-40CE-A21D-E496D18EA9FA}.Debug|Any CPU.ActiveCfg = Debug|Any CPU
		{2126E47C-B974-40CE-A21D-E496D18EA9FA}.Debug|Any CPU.Build.0 = Debug|Any CPU
		{2126E47C-B974-40CE-A21D-E496D18EA9FA}.Release|Any CPU.ActiveCfg = Release|Any CPU
		{2126E47C-B974-40CE-A21D-E496D18EA9FA}.Release|Any CPU.Build.0 = Release|Any CPU
	EndGlobalSection
	GlobalSection(SolutionProperties) = preSolution
		HideSolutionNode = FALSE
	EndGlobalSection
	GlobalSection(ExtensibilityGlobals) = postSolution
		SolutionGuid = {C7BC41BF-FF20-4A79-BA0F-482033F90434}
	EndGlobalSection
EndGlobal
